
Microsoft Visual Studio Solution File, Format Version 12.00
# Visual Studio Version 16
VisualStudioVersion = 16.0.29911.84
MinimumVisualStudioVersion = 10.0.40219.1
Project("{FAE04EC0-301F-11D3-BF4B-00C04F79EFBC}") = "Soru2", "Soru2\Soru2.csproj", "{32F739A3-9E05-4B7F-8952-5543D23E25EA}"
EndProject
Global
	GlobalSection(SolutionConfigurationPlatforms) = preSolution
		Debug|Any CPU = Debug|Any CPU
		Release|Any CPU = Release|Any CPU
	EndGlobalSection
	GlobalSection(ProjectConfigurationPlatforms) = postSolution
		{32F739A3-9E05-4B7F-8952-5543D23E25EA}.Debug|Any CPU.ActiveCfg = Debug|Any CPU
		{32F739A3-9E05-4B7F-8952-5543D23E25EA}.Debug|Any CPU.Build.0 = Debug|Any CPU
		{32F739A3-9E05-4B7F-8952-5543D23E25EA}.Release|Any CPU.ActiveCfg = Release|Any CPU
		{32F739A3-9E05-4B7F-8952-5543D23E25EA}.Release|Any CPU.Build.0 = Release|Any CPU
	EndGlobalSection
	GlobalSection(SolutionProperties) = preSolution
		HideSolutionNode = FALSE
	EndGlobalSection
	GlobalSection(ExtensibilityGlobals) = postSolution
		SolutionGuid = {0077EFCA-7E41-4D68-9094-F04D6B3559CF}
	EndGlobalSection
EndGlobal
